
Microsoft Visual Studio Solution File, Format Version 12.00
# Visual Studio Version 17
VisualStudioVersion = 17.5.33627.172
MinimumVisualStudioVersion = 10.0.40219.1
Project("{888888A0-9F3D-457C-B088-3A5042F75D52}") = "InvoiceLineItemCalculator", "InvoiceLineItemCalculator.pyproj", "{B1C0573D-F590-4064-810A-3059FBDC72E4}"
EndProject
Global
	GlobalSection(SolutionConfigurationPlatforms) = preSolution
		Debug|Any CPU = Debug|Any CPU
		Release|Any CPU = Release|Any CPU
	EndGlobalSection
	GlobalSection(ProjectConfigurationPlatforms) = postSolution
		{B1C0573D-F590-4064-810A-3059FBDC72E4}.Debug|Any CPU.ActiveCfg = Debug|Any CPU
		{B1C0573D-F590-4064-810A-3059FBDC72E4}.Release|Any CPU.ActiveCfg = Release|Any CPU
	EndGlobalSection
	GlobalSection(SolutionProperties) = preSolution
		HideSolutionNode = FALSE
	EndGlobalSection
	GlobalSection(ExtensibilityGlobals) = postSolution
		SolutionGuid = {FDE030C2-63DE-4E8E-8CA9-E2F1AB849786}
	EndGlobalSection
EndGlobal
